
Microsoft Visual Studio Solution File, Format Version 12.00
# Visual Studio Version 17
VisualStudioVersion = 17.4.33205.214
MinimumVisualStudioVersion = 10.0.40219.1
Project("{9A19103F-16F7-4668-BE54-9A1E7A4F7556}") = "WinFormsTasks.Task7", "WinFormsTasks.Task7\WinFormsTasks.Task7.csproj", "{CD68C66C-F3D4-4205-9199-0FE80A3FF687}"
EndProject
Project("{9A19103F-16F7-4668-BE54-9A1E7A4F7556}") = "WinFormsTasks.Common", "WinFormsTasks.Common\WinFormsTasks.Common.csproj", "{5C12ECAD-3D6A-40E1-AEFB-5523B7053E80}"
EndProject
Project("{9A19103F-16F7-4668-BE54-9A1E7A4F7556}") = "WinFormsTasks.Task8", "Task8\WinFormsTasks.Task8.csproj", "{E913FC09-C0DE-4B5C-B974-8C6701F8D4EA}"
EndProject
Project("{FAE04EC0-301F-11D3-BF4B-00C04F79EFBC}") = "WinFormsTasks.Task9", "WinFormsTasks.Task9\WinFormsTasks.Task9.csproj", "{2B7E4239-5392-48BC-B493-7075DCE31C23}"
EndProject
Project("{FAE04EC0-301F-11D3-BF4B-00C04F79EFBC}") = "WinFormsTasks.Task10", "WinFormsTasks.Task10\WinFormsTasks.Task10.csproj", "{9B6754D3-3414-4681-9634-601C714F220D}"
EndProject
Global
	GlobalSection(SolutionConfigurationPlatforms) = preSolution
		Debug|Any CPU = Debug|Any CPU
		Release|Any CPU = Release|Any CPU
	EndGlobalSection
	GlobalSection(ProjectConfigurationPlatforms) = postSolution
		{CD68C66C-F3D4-4205-9199-0FE80A3FF687}.Debug|Any CPU.ActiveCfg = Debug|Any CPU
		{CD68C66C-F3D4-4205-9199-0FE80A3FF687}.Debug|Any CPU.Build.0 = Debug|Any CPU
		{CD68C66C-F3D4-4205-9199-0FE80A3FF687}.Release|Any CPU.ActiveCfg = Release|Any CPU
		{CD68C66C-F3D4-4205-9199-0FE80A3FF687}.Release|Any CPU.Build.0 = Release|Any CPU
		{5C12ECAD-3D6A-40E1-AEFB-5523B7053E80}.Debug|Any CPU.ActiveCfg = Debug|Any CPU
		{5C12ECAD-3D6A-40E1-AEFB-5523B7053E80}.Debug|Any CPU.Build.0 = Debug|Any CPU
		{5C12ECAD-3D6A-40E1-AEFB-5523B7053E80}.Release|Any CPU.ActiveCfg = Release|Any CPU
		{5C12ECAD-3D6A-40E1-AEFB-5523B7053E80}.Release|Any CPU.Build.0 = Release|Any CPU
		{E913FC09-C0DE-4B5C-B974-8C6701F8D4EA}.Debug|Any CPU.ActiveCfg = Debug|Any CPU
		{E913FC09-C0DE-4B5C-B974-8C6701F8D4EA}.Debug|Any CPU.Build.0 = Debug|Any CPU
		{E913FC09-C0DE-4B5C-B974-8C6701F8D4EA}.Release|Any CPU.ActiveCfg = Release|Any CPU
		{E913FC09-C0DE-4B5C-B974-8C6701F8D4EA}.Release|Any CPU.Build.0 = Release|Any CPU
		{2B7E4239-5392-48BC-B493-7075DCE31C23}.Debug|Any CPU.ActiveCfg = Debug|Any CPU
		{2B7E4239-5392-48BC-B493-7075DCE31C23}.Debug|Any CPU.Build.0 = Debug|Any CPU
		{2B7E4239-5392-48BC-B493-7075DCE31C23}.Release|Any CPU.ActiveCfg = Release|Any CPU
		{2B7E4239-5392-48BC-B493-7075DCE31C23}.Release|Any CPU.Build.0 = Release|Any CPU
		{9B6754D3-3414-4681-9634-601C714F220D}.Debug|Any CPU.ActiveCfg = Debug|Any CPU
		{9B6754D3-3414-4681-9634-601C714F220D}.Debug|Any CPU.Build.0 = Debug|Any CPU
		{9B6754D3-3414-4681-9634-601C714F220D}.Release|Any CPU.ActiveCfg = Release|Any CPU
		{9B6754D3-3414-4681-9634-601C714F220D}.Release|Any CPU.Build.0 = Release|Any CPU
	EndGlobalSection
	GlobalSection(SolutionProperties) = preSolution
		HideSolutionNode = FALSE
	EndGlobalSection
	GlobalSection(ExtensibilityGlobals) = postSolution
		SolutionGuid = {2A44D600-A744-48CF-8C19-AD1A6AD63792}
	EndGlobalSection
EndGlobal
